
Microsoft Visual Studio Solution File, Format Version 12.00
# Visual Studio 2012
Project("{8BC9CEB8-8B4A-11D0-8D11-00A0C91BC942}") = "Common", "Common\Common.vcxproj", "{8563CE39-78FA-4500-8E85-8D53F8929BF1}"
EndProject
Project("{8BC9CEB8-8B4A-11D0-8D11-00A0C91BC942}") = "VehicleSim", "VehicleSim\VehicleSim.vcxproj", "{E164C7DE-82BB-47D6-BF90-C70DD3674A25}"
	ProjectSection(ProjectDependencies) = postProject
		{8563CE39-78FA-4500-8E85-8D53F8929BF1} = {8563CE39-78FA-4500-8E85-8D53F8929BF1}
	EndProjectSection
EndProject
Global
	GlobalSection(SolutionConfigurationPlatforms) = preSolution
		Debug|Win32 = Debug|Win32
		Release|Win32 = Release|Win32
	EndGlobalSection
	GlobalSection(ProjectConfigurationPlatforms) = postSolution
		{8563CE39-78FA-4500-8E85-8D53F8929BF1}.Debug|Win32.ActiveCfg = Debug|Win32
		{8563CE39-78FA-4500-8E85-8D53F8929BF1}.Debug|Win32.Build.0 = Debug|Win32
		{8563CE39-78FA-4500-8E85-8D53F8929BF1}.Release|Win32.ActiveCfg = Release|Win32
		{8563CE39-78FA-4500-8E85-8D53F8929BF1}.Release|Win32.Build.0 = Release|Win32
		{E164C7DE-82BB-47D6-BF90-C70DD3674A25}.Debug|Win32.ActiveCfg = Debug|Win32
		{E164C7DE-82BB-47D6-BF90-C70DD3674A25}.Debug|Win32.Build.0 = Debug|Win32
		{E164C7DE-82BB-47D6-BF90-C70DD3674A25}.Release|Win32.ActiveCfg = Release|Win32
		{E164C7DE-82BB-47D6-BF90-C70DD3674A25}.Release|Win32.Build.0 = Release|Win32
	EndGlobalSection
	GlobalSection(SolutionProperties) = preSolution
		HideSolutionNode = FALSE
	EndGlobalSection
EndGlobal
