
Microsoft Visual Studio Solution File, Format Version 12.00
# Visual Studio 2012
Project("{8BC9CEB8-8B4A-11D0-8D11-00A0C91BC942}") = "01. VolumeRender", "VolumeRender\VolumeRender.vcxproj", "{E164C7DE-82BB-47D6-BF90-C70DD3674A25}"
	ProjectSection(ProjectDependencies) = postProject
		{8563CE39-78FA-4500-8E85-8D53F8929BF1} = {8563CE39-78FA-4500-8E85-8D53F8929BF1}
	EndProjectSection
EndProject
Project("{8BC9CEB8-8B4A-11D0-8D11-00A0C91BC942}") = "03. vlrRendering", "vlrRendering\vlrRendering.vcxproj", "{8563CE39-78FA-4500-8E85-8D53F8929BF1}"
EndProject
Project("{8BC9CEB8-8B4A-11D0-8D11-00A0C91BC942}") = "02. TreeGen", "TreeGen\TreeGen.vcxproj", "{9F47495B-2139-416A-832A-7575E5037A3B}"
	ProjectSection(ProjectDependencies) = postProject
		{8563CE39-78FA-4500-8E85-8D53F8929BF1} = {8563CE39-78FA-4500-8E85-8D53F8929BF1}
	EndProjectSection
EndProject
Global
	GlobalSection(SolutionConfigurationPlatforms) = preSolution
		Debug|Win32 = Debug|Win32
		Debug|x64 = Debug|x64
		Release|Win32 = Release|Win32
		Release|x64 = Release|x64
	EndGlobalSection
	GlobalSection(ProjectConfigurationPlatforms) = postSolution
		{E164C7DE-82BB-47D6-BF90-C70DD3674A25}.Debug|Win32.ActiveCfg = Debug|Win32
		{E164C7DE-82BB-47D6-BF90-C70DD3674A25}.Debug|Win32.Build.0 = Debug|Win32
		{E164C7DE-82BB-47D6-BF90-C70DD3674A25}.Debug|x64.ActiveCfg = Debug|x64
		{E164C7DE-82BB-47D6-BF90-C70DD3674A25}.Debug|x64.Build.0 = Debug|x64
		{E164C7DE-82BB-47D6-BF90-C70DD3674A25}.Release|Win32.ActiveCfg = Release|Win32
		{E164C7DE-82BB-47D6-BF90-C70DD3674A25}.Release|Win32.Build.0 = Release|Win32
		{E164C7DE-82BB-47D6-BF90-C70DD3674A25}.Release|x64.ActiveCfg = Release|x64
		{E164C7DE-82BB-47D6-BF90-C70DD3674A25}.Release|x64.Build.0 = Release|x64
		{8563CE39-78FA-4500-8E85-8D53F8929BF1}.Debug|Win32.ActiveCfg = Debug|Win32
		{8563CE39-78FA-4500-8E85-8D53F8929BF1}.Debug|Win32.Build.0 = Debug|Win32
		{8563CE39-78FA-4500-8E85-8D53F8929BF1}.Debug|x64.ActiveCfg = Debug|x64
		{8563CE39-78FA-4500-8E85-8D53F8929BF1}.Debug|x64.Build.0 = Debug|x64
		{8563CE39-78FA-4500-8E85-8D53F8929BF1}.Release|Win32.ActiveCfg = Release|Win32
		{8563CE39-78FA-4500-8E85-8D53F8929BF1}.Release|Win32.Build.0 = Release|Win32
		{8563CE39-78FA-4500-8E85-8D53F8929BF1}.Release|x64.ActiveCfg = Release|x64
		{8563CE39-78FA-4500-8E85-8D53F8929BF1}.Release|x64.Build.0 = Release|x64
		{9F47495B-2139-416A-832A-7575E5037A3B}.Debug|Win32.ActiveCfg = Debug|Win32
		{9F47495B-2139-416A-832A-7575E5037A3B}.Debug|Win32.Build.0 = Debug|Win32
		{9F47495B-2139-416A-832A-7575E5037A3B}.Debug|x64.ActiveCfg = Debug|x64
		{9F47495B-2139-416A-832A-7575E5037A3B}.Debug|x64.Build.0 = Debug|x64
		{9F47495B-2139-416A-832A-7575E5037A3B}.Release|Win32.ActiveCfg = Release|Win32
		{9F47495B-2139-416A-832A-7575E5037A3B}.Release|Win32.Build.0 = Release|Win32
		{9F47495B-2139-416A-832A-7575E5037A3B}.Release|x64.ActiveCfg = Release|x64
		{9F47495B-2139-416A-832A-7575E5037A3B}.Release|x64.Build.0 = Release|x64
	EndGlobalSection
	GlobalSection(SolutionProperties) = preSolution
		HideSolutionNode = FALSE
	EndGlobalSection
EndGlobal
